// !$*UTF8*$!
{
	archiveVersion = 1;
	classes = {
	};
	objectVersion = 51;
	objects = {

/* Begin PBXBuildFile section */
		176FBCAF200C11F816A79055 /* Pods_HGPhotoKitTests.framework in Frameworks */ = {isa = PBXBuildFile; fileRef = E9D28CBC452D06F63A406525 /* Pods_HGPhotoKitTests.framework */; };
		1C846782943078AFDDA2AF46 /* Pods_HGPhotoKitUITests.framework in Frameworks */ = {isa = PBXBuildFile; fileRef = 246E151D0A47B45BA3FE2CD5 /* Pods_HGPhotoKitUITests.framework */; };
		2E65AF5B22BA57D800D34313 /* AppDelegate.m in Sources */ = {isa = PBXBuildFile; fileRef = 2E65AF5A22BA57D800D34313 /* AppDelegate.m */; };
		2E65AF5E22BA57D800D34313 /* ViewController.m in Sources */ = {isa = PBXBuildFile; fileRef = 2E65AF5D22BA57D800D34313 /* ViewController.m */; };
		2E65AF6122BA57D800D34313 /* Main.storyboard in Resources */ = {isa = PBXBuildFile; fileRef = 2E65AF5F22BA57D800D34313 /* Main.storyboard */; };
		2E65AF6322BA57D900D34313 /* Assets.xcassets in Resources */ = {isa = PBXBuildFile; fileRef = 2E65AF6222BA57D900D34313 /* Assets.xcassets */; };
		2E65AF6622BA57D900D34313 /* LaunchScreen.storyboard in Resources */ = {isa = PBXBuildFile; fileRef = 2E65AF6422BA57D900D34313 /* LaunchScreen.storyboard */; };
		2E65AF6922BA57D900D34313 /* main.m in Sources */ = {isa = PBXBuildFile; fileRef = 2E65AF6822BA57D900D34313 /* main.m */; };
		2E65AF7322BA57D900D34313 /* HGPhotoKitTests.m in Sources */ = {isa = PBXBuildFile; fileRef = 2E65AF7222BA57D900D34313 /* HGPhotoKitTests.m */; };
		2E65AF7E22BA57D900D34313 /* HGPhotoKitUITests.m in Sources */ = {isa = PBXBuildFile; fileRef = 2E65AF7D22BA57D900D34313 /* HGPhotoKitUITests.m */; };
		2E65AFCC22BA5E3200D34313 /* UIViewController+Image.m in Sources */ = {isa = PBXBuildFile; fileRef = 2E65AFCA22BA5E3200D34313 /* UIViewController+Image.m */; };
		2E65AFEC22BA5E4900D34313 /* HGLocationManager.m in Sources */ = {isa = PBXBuildFile; fileRef = 2E65AFCD22BA5E4600D34313 /* HGLocationManager.m */; };
		2E65AFED22BA5E4900D34313 /* HGImageManager.m in Sources */ = {isa = PBXBuildFile; fileRef = 2E65AFD122BA5E4700D34313 /* HGImageManager.m */; };
		2E65AFEF22BA5E4900D34313 /* HGPhotoPickerController.m in Sources */ = {isa = PBXBuildFile; fileRef = 2E65AFD422BA5E4700D34313 /* HGPhotoPickerController.m */; };
		2E65AFF022BA5E4900D34313 /* HGAssetModel.m in Sources */ = {isa = PBXBuildFile; fileRef = 2E65AFD622BA5E4700D34313 /* HGAssetModel.m */; };
		2E65AFF122BA5E4900D34313 /* HGImageCropManager.m in Sources */ = {isa = PBXBuildFile; fileRef = 2E65AFDD22BA5E4700D34313 /* HGImageCropManager.m */; };
		2E65AFF222BA5E4900D34313 /* HGVideoPlayerController.m in Sources */ = {isa = PBXBuildFile; fileRef = 2E65AFDF22BA5E4800D34313 /* HGVideoPlayerController.m */; };
		2E65AFF322BA5E4900D34313 /* HGImagePickerController.m in Sources */ = {isa = PBXBuildFile; fileRef = 2E65AFE022BA5E4800D34313 /* HGImagePickerController.m */; };
		2E65AFF422BA5E4900D34313 /* HGImageRequestOperation.m in Sources */ = {isa = PBXBuildFile; fileRef = 2E65AFE222BA5E4800D34313 /* HGImageRequestOperation.m */; };
		2E65AFF522BA5E4900D34313 /* HGPhotoPreviewController.m in Sources */ = {isa = PBXBuildFile; fileRef = 2E65AFE322BA5E4800D34313 /* HGPhotoPreviewController.m */; };
		2E65AFF622BA5E4900D34313 /* NSBundle+HGImagePicker.m in Sources */ = {isa = PBXBuildFile; fileRef = 2E65AFE422BA5E4800D34313 /* NSBundle+HGImagePicker.m */; };
		2E65AFF722BA5E4900D34313 /* HGGifPhotoPreviewController.m in Sources */ = {isa = PBXBuildFile; fileRef = 2E65AFE522BA5E4800D34313 /* HGGifPhotoPreviewController.m */; };
		2E65AFF822BA5E4900D34313 /* HGPhotoPreviewCell.m in Sources */ = {isa = PBXBuildFile; fileRef = 2E65AFE622BA5E4800D34313 /* HGPhotoPreviewCell.m */; };
		2E65AFF922BA5E4900D34313 /* UIView+Layout.m in Sources */ = {isa = PBXBuildFile; fileRef = 2E65AFE922BA5E4800D34313 /* UIView+Layout.m */; };
		2E65AFFA22BA5E4900D34313 /* HGProgressView.m in Sources */ = {isa = PBXBuildFile; fileRef = 2E65AFEA22BA5E4800D34313 /* HGProgressView.m */; };
		2E65AFFB22BA5E4900D34313 /* HGAssetCell.m in Sources */ = {isa = PBXBuildFile; fileRef = 2E65AFEB22BA5E4800D34313 /* HGAssetCell.m */; };
		2E65B00022BA742900D34313 /* Localizable.strings in Resources */ = {isa = PBXBuildFile; fileRef = 2E65B00222BA742900D34313 /* Localizable.strings */; };
		FB2975D9F280DF0F55B68E18 /* Pods_HGPhotoKit.framework in Frameworks */ = {isa = PBXBuildFile; fileRef = EFBF481EB8F2EE8D9C7E78A5 /* Pods_HGPhotoKit.framework */; };
/* End PBXBuildFile section */

/* Begin PBXContainerItemProxy section */
		2E65AF6F22BA57D900D34313 /* PBXContainerItemProxy */ = {
			isa = PBXContainerItemProxy;
			containerPortal = 2E65AF4E22BA57D800D34313 /* Project object */;
			proxyType = 1;
			remoteGlobalIDString = 2E65AF5522BA57D800D34313;
			remoteInfo = HGPhotoKit;
		};
		2E65AF7A22BA57D900D34313 /* PBXContainerItemProxy */ = {
			isa = PBXContainerItemProxy;
			containerPortal = 2E65AF4E22BA57D800D34313 /* Project object */;
			proxyType = 1;
			remoteGlobalIDString = 2E65AF5522BA57D800D34313;
			remoteInfo = HGPhotoKit;
		};
/* End PBXContainerItemProxy section */

/* Begin PBXFileReference section */
		246E151D0A47B45BA3FE2CD5 /* Pods_HGPhotoKitUITests.framework */ = {isa = PBXFileReference; explicitFileType = wrapper.framework; includeInIndex = 0; path = Pods_HGPhotoKitUITests.framework; sourceTree = BUILT_PRODUCTS_DIR; };
		282C20B4FE33303CAE3627B8 /* Pods-HGPhotoKitUITests.release.xcconfig */ = {isa = PBXFileReference; includeInIndex = 1; lastKnownFileType = text.xcconfig; name = "Pods-HGPhotoKitUITests.release.xcconfig"; path = "Target Support Files/Pods-HGPhotoKitUITests/Pods-HGPhotoKitUITests.release.xcconfig"; sourceTree = "<group>"; };
		2E65AF5622BA57D800D34313 /* HGPhotoKit.app */ = {isa = PBXFileReference; explicitFileType = wrapper.application; includeInIndex = 0; path = HGPhotoKit.app; sourceTree = BUILT_PRODUCTS_DIR; };
		2E65AF5922BA57D800D34313 /* AppDelegate.h */ = {isa = PBXFileReference; lastKnownFileType = sourcecode.c.h; path = AppDelegate.h; sourceTree = "<group>"; };
		2E65AF5A22BA57D800D34313 /* AppDelegate.m */ = {isa = PBXFileReference; lastKnownFileType = sourcecode.c.objc; path = AppDelegate.m; sourceTree = "<group>"; };
		2E65AF5C22BA57D800D34313 /* ViewController.h */ = {isa = PBXFileReference; lastKnownFileType = sourcecode.c.h; path = ViewController.h; sourceTree = "<group>"; };
		2E65AF5D22BA57D800D34313 /* ViewController.m */ = {isa = PBXFileReference; lastKnownFileType = sourcecode.c.objc; path = ViewController.m; sourceTree = "<group>"; };
		2E65AF6022BA57D800D34313 /* Base */ = {isa = PBXFileReference; lastKnownFileType = file.storyboard; name = Base; path = Base.lproj/Main.storyboard; sourceTree = "<group>"; };
		2E65AF6222BA57D900D34313 /* Assets.xcassets */ = {isa = PBXFileReference; lastKnownFileType = folder.assetcatalog; path = Assets.xcassets; sourceTree = "<group>"; };
		2E65AF6522BA57D900D34313 /* Base */ = {isa = PBXFileReference; lastKnownFileType = file.storyboard; name = Base; path = Base.lproj/LaunchScreen.storyboard; sourceTree = "<group>"; };
		2E65AF6722BA57D900D34313 /* Info.plist */ = {isa = PBXFileReference; lastKnownFileType = text.plist.xml; path = Info.plist; sourceTree = "<group>"; };
		2E65AF6822BA57D900D34313 /* main.m */ = {isa = PBXFileReference; lastKnownFileType = sourcecode.c.objc; path = main.m; sourceTree = "<group>"; };
		2E65AF6E22BA57D900D34313 /* HGPhotoKitTests.xctest */ = {isa = PBXFileReference; explicitFileType = wrapper.cfbundle; includeInIndex = 0; path = HGPhotoKitTests.xctest; sourceTree = BUILT_PRODUCTS_DIR; };
		2E65AF7222BA57D900D34313 /* HGPhotoKitTests.m */ = {isa = PBXFileReference; lastKnownFileType = sourcecode.c.objc; path = HGPhotoKitTests.m; sourceTree = "<group>"; };
		2E65AF7422BA57D900D34313 /* Info.plist */ = {isa = PBXFileReference; lastKnownFileType = text.plist.xml; path = Info.plist; sourceTree = "<group>"; };
		2E65AF7922BA57D900D34313 /* HGPhotoKitUITests.xctest */ = {isa = PBXFileReference; explicitFileType = wrapper.cfbundle; includeInIndex = 0; path = HGPhotoKitUITests.xctest; sourceTree = BUILT_PRODUCTS_DIR; };
		2E65AF7D22BA57D900D34313 /* HGPhotoKitUITests.m */ = {isa = PBXFileReference; lastKnownFileType = sourcecode.c.objc; path = HGPhotoKitUITests.m; sourceTree = "<group>"; };
		2E65AF7F22BA57D900D34313 /* Info.plist */ = {isa = PBXFileReference; lastKnownFileType = text.plist.xml; path = Info.plist; sourceTree = "<group>"; };
		2E65AFCA22BA5E3200D34313 /* UIViewController+Image.m */ = {isa = PBXFileReference; fileEncoding = 4; lastKnownFileType = sourcecode.c.objc; path = "UIViewController+Image.m"; sourceTree = "<group>"; };
		2E65AFCB22BA5E3200D34313 /* UIViewController+Image.h */ = {isa = PBXFileReference; fileEncoding = 4; lastKnownFileType = sourcecode.c.h; path = "UIViewController+Image.h"; sourceTree = "<group>"; };
		2E65AFCD22BA5E4600D34313 /* HGLocationManager.m */ = {isa = PBXFileReference; fileEncoding = 4; lastKnownFileType = sourcecode.c.objc; path = HGLocationManager.m; sourceTree = "<group>"; };
		2E65AFCE22BA5E4600D34313 /* HGPhotoPreviewCell.h */ = {isa = PBXFileReference; fileEncoding = 4; lastKnownFileType = sourcecode.c.h; path = HGPhotoPreviewCell.h; sourceTree = "<group>"; };
		2E65AFCF22BA5E4700D34313 /* HGImagePickerController.h */ = {isa = PBXFileReference; fileEncoding = 4; lastKnownFileType = sourcecode.c.h; path = HGImagePickerController.h; sourceTree = "<group>"; };
		2E65AFD022BA5E4700D34313 /* HGImageRequestOperation.h */ = {isa = PBXFileReference; fileEncoding = 4; lastKnownFileType = sourcecode.c.h; path = HGImageRequestOperation.h; sourceTree = "<group>"; };
		2E65AFD122BA5E4700D34313 /* HGImageManager.m */ = {isa = PBXFileReference; fileEncoding = 4; lastKnownFileType = sourcecode.c.objc; path = HGImageManager.m; sourceTree = "<group>"; };
		2E65AFD222BA5E4700D34313 /* UIView+Layout.h */ = {isa = PBXFileReference; fileEncoding = 4; lastKnownFileType = sourcecode.c.h; path = "UIView+Layout.h"; sourceTree = "<group>"; };
		2E65AFD422BA5E4700D34313 /* HGPhotoPickerController.m */ = {isa = PBXFileReference; fileEncoding = 4; lastKnownFileType = sourcecode.c.objc; path = HGPhotoPickerController.m; sourceTree = "<group>"; };
		2E65AFD522BA5E4700D34313 /* HGLocationManager.h */ = {isa = PBXFileReference; fileEncoding = 4; lastKnownFileType = sourcecode.c.h; path = HGLocationManager.h; sourceTree = "<group>"; };
		2E65AFD622BA5E4700D34313 /* HGAssetModel.m */ = {isa = PBXFileReference; fileEncoding = 4; lastKnownFileType = sourcecode.c.objc; path = HGAssetModel.m; sourceTree = "<group>"; };
		2E65AFD722BA5E4700D34313 /* HGPhotoPickerController.h */ = {isa = PBXFileReference; fileEncoding = 4; lastKnownFileType = sourcecode.c.h; path = HGPhotoPickerController.h; sourceTree = "<group>"; };
		2E65AFD822BA5E4700D34313 /* HGVideoPlayerController.h */ = {isa = PBXFileReference; fileEncoding = 4; lastKnownFileType = sourcecode.c.h; path = HGVideoPlayerController.h; sourceTree = "<group>"; };
		2E65AFD922BA5E4700D34313 /* HGImageManager.h */ = {isa = PBXFileReference; fileEncoding = 4; lastKnownFileType = sourcecode.c.h; path = HGImageManager.h; sourceTree = "<group>"; };
		2E65AFDA22BA5E4700D34313 /* HGAssetModel.h */ = {isa = PBXFileReference; fileEncoding = 4; lastKnownFileType = sourcecode.c.h; path = HGAssetModel.h; sourceTree = "<group>"; };
		2E65AFDB22BA5E4700D34313 /* HGImageCropManager.h */ = {isa = PBXFileReference; fileEncoding = 4; lastKnownFileType = sourcecode.c.h; path = HGImageCropManager.h; sourceTree = "<group>"; };
		2E65AFDC22BA5E4700D34313 /* HGGifPhotoPreviewController.h */ = {isa = PBXFileReference; fileEncoding = 4; lastKnownFileType = sourcecode.c.h; path = HGGifPhotoPreviewController.h; sourceTree = "<group>"; };
		2E65AFDD22BA5E4700D34313 /* HGImageCropManager.m */ = {isa = PBXFileReference; fileEncoding = 4; lastKnownFileType = sourcecode.c.objc; path = HGImageCropManager.m; sourceTree = "<group>"; };
		2E65AFDE22BA5E4800D34313 /* HGPhotoPreviewController.h */ = {isa = PBXFileReference; fileEncoding = 4; lastKnownFileType = sourcecode.c.h; path = HGPhotoPreviewController.h; sourceTree = "<group>"; };
		2E65AFDF22BA5E4800D34313 /* HGVideoPlayerController.m */ = {isa = PBXFileReference; fileEncoding = 4; lastKnownFileType = sourcecode.c.objc; path = HGVideoPlayerController.m; sourceTree = "<group>"; };
		2E65AFE022BA5E4800D34313 /* HGImagePickerController.m */ = {isa = PBXFileReference; fileEncoding = 4; lastKnownFileType = sourcecode.c.objc; path = HGImagePickerController.m; sourceTree = "<group>"; };
		2E65AFE122BA5E4800D34313 /* HGProgressView.h */ = {isa = PBXFileReference; fileEncoding = 4; lastKnownFileType = sourcecode.c.h; path = HGProgressView.h; sourceTree = "<group>"; };
		2E65AFE222BA5E4800D34313 /* HGImageRequestOperation.m */ = {isa = PBXFileReference; fileEncoding = 4; lastKnownFileType = sourcecode.c.objc; path = HGImageRequestOperation.m; sourceTree = "<group>"; };
		2E65AFE322BA5E4800D34313 /* HGPhotoPreviewController.m */ = {isa = PBXFileReference; fileEncoding = 4; lastKnownFileType = sourcecode.c.objc; path = HGPhotoPreviewController.m; sourceTree = "<group>"; };
		2E65AFE422BA5E4800D34313 /* NSBundle+HGImagePicker.m */ = {isa = PBXFileReference; fileEncoding = 4; lastKnownFileType = sourcecode.c.objc; path = "NSBundle+HGImagePicker.m"; sourceTree = "<group>"; };
		2E65AFE522BA5E4800D34313 /* HGGifPhotoPreviewController.m */ = {isa = PBXFileReference; fileEncoding = 4; lastKnownFileType = sourcecode.c.objc; path = HGGifPhotoPreviewController.m; sourceTree = "<group>"; };
		2E65AFE622BA5E4800D34313 /* HGPhotoPreviewCell.m */ = {isa = PBXFileReference; fileEncoding = 4; lastKnownFileType = sourcecode.c.objc; path = HGPhotoPreviewCell.m; sourceTree = "<group>"; };
		2E65AFE722BA5E4800D34313 /* NSBundle+HGImagePicker.h */ = {isa = PBXFileReference; fileEncoding = 4; lastKnownFileType = sourcecode.c.h; path = "NSBundle+HGImagePicker.h"; sourceTree = "<group>"; };
		2E65AFE822BA5E4800D34313 /* HGAssetCell.h */ = {isa = PBXFileReference; fileEncoding = 4; lastKnownFileType = sourcecode.c.h; path = HGAssetCell.h; sourceTree = "<group>"; };
		2E65AFE922BA5E4800D34313 /* UIView+Layout.m */ = {isa = PBXFileReference; fileEncoding = 4; lastKnownFileType = sourcecode.c.objc; path = "UIView+Layout.m"; sourceTree = "<group>"; };
		2E65AFEA22BA5E4800D34313 /* HGProgressView.m */ = {isa = PBXFileReference; fileEncoding = 4; lastKnownFileType = sourcecode.c.objc; path = HGProgressView.m; sourceTree = "<group>"; };
		2E65AFEB22BA5E4800D34313 /* HGAssetCell.m */ = {isa = PBXFileReference; fileEncoding = 4; lastKnownFileType = sourcecode.c.objc; path = HGAssetCell.m; sourceTree = "<group>"; };
		2E65B00122BA742900D34313 /* en */ = {isa = PBXFileReference; lastKnownFileType = text.plist.strings; name = en; path = en.lproj/Localizable.strings; sourceTree = "<group>"; };
		2E65B00322BA748500D34313 /* vi */ = {isa = PBXFileReference; lastKnownFileType = text.plist.strings; name = vi; path = vi.lproj/Main.strings; sourceTree = "<group>"; };
		2E65B00422BA748500D34313 /* vi */ = {isa = PBXFileReference; lastKnownFileType = text.plist.strings; name = vi; path = vi.lproj/LaunchScreen.strings; sourceTree = "<group>"; };
		2E65B00522BA748500D34313 /* vi */ = {isa = PBXFileReference; lastKnownFileType = text.plist.strings; name = vi; path = vi.lproj/Localizable.strings; sourceTree = "<group>"; };
		2E65B00622BA74A100D34313 /* zh-Hans */ = {isa = PBXFileReference; lastKnownFileType = text.plist.strings; name = "zh-Hans"; path = "zh-Hans.lproj/Main.strings"; sourceTree = "<group>"; };
		2E65B00722BA74A200D34313 /* zh-Hans */ = {isa = PBXFileReference; lastKnownFileType = text.plist.strings; name = "zh-Hans"; path = "zh-Hans.lproj/LaunchScreen.strings"; sourceTree = "<group>"; };
		2E65B00822BA74A200D34313 /* zh-Hans */ = {isa = PBXFileReference; lastKnownFileType = text.plist.strings; name = "zh-Hans"; path = "zh-Hans.lproj/Localizable.strings"; sourceTree = "<group>"; };
		2E65B00922BA74A800D34313 /* zh-Hant */ = {isa = PBXFileReference; lastKnownFileType = text.plist.strings; name = "zh-Hant"; path = "zh-Hant.lproj/Main.strings"; sourceTree = "<group>"; };
		2E65B00A22BA74A800D34313 /* zh-Hant */ = {isa = PBXFileReference; lastKnownFileType = text.plist.strings; name = "zh-Hant"; path = "zh-Hant.lproj/LaunchScreen.strings"; sourceTree = "<group>"; };
		2E65B00B22BA74A800D34313 /* zh-Hant */ = {isa = PBXFileReference; lastKnownFileType = text.plist.strings; name = "zh-Hant"; path = "zh-Hant.lproj/Localizable.strings"; sourceTree = "<group>"; };
		5C6CE22840884832CA1754CD /* Pods-HGPhotoKit.release.xcconfig */ = {isa = PBXFileReference; includeInIndex = 1; lastKnownFileType = text.xcconfig; name = "Pods-HGPhotoKit.release.xcconfig"; path = "Target Support Files/Pods-HGPhotoKit/Pods-HGPhotoKit.release.xcconfig"; sourceTree = "<group>"; };
		9376BDF7DC21792AFC0883A9 /* Pods-HGPhotoKit.debug.xcconfig */ = {isa = PBXFileReference; includeInIndex = 1; lastKnownFileType = text.xcconfig; name = "Pods-HGPhotoKit.debug.xcconfig"; path = "Target Support Files/Pods-HGPhotoKit/Pods-HGPhotoKit.debug.xcconfig"; sourceTree = "<group>"; };
		97A3AA996B89C9019C21F7BD /* Pods-HGPhotoKitTests.release.xcconfig */ = {isa = PBXFileReference; includeInIndex = 1; lastKnownFileType = text.xcconfig; name = "Pods-HGPhotoKitTests.release.xcconfig"; path = "Target Support Files/Pods-HGPhotoKitTests/Pods-HGPhotoKitTests.release.xcconfig"; sourceTree = "<group>"; };
		A644CA1D74C7B5AAA0A7E916 /* Pods-HGPhotoKitTests.debug.xcconfig */ = {isa = PBXFileReference; includeInIndex = 1; lastKnownFileType = text.xcconfig; name = "Pods-HGPhotoKitTests.debug.xcconfig"; path = "Target Support Files/Pods-HGPhotoKitTests/Pods-HGPhotoKitTests.debug.xcconfig"; sourceTree = "<group>"; };
		DDA16FA95D09B02F65484F65 /* Pods-HGPhotoKitUITests.debug.xcconfig */ = {isa = PBXFileReference; includeInIndex = 1; lastKnownFileType = text.xcconfig; name = "Pods-HGPhotoKitUITests.debug.xcconfig"; path = "Target Support Files/Pods-HGPhotoKitUITests/Pods-HGPhotoKitUITests.debug.xcconfig"; sourceTree = "<group>"; };
		E9D28CBC452D06F63A406525 /* Pods_HGPhotoKitTests.framework */ = {isa = PBXFileReference; explicitFileType = wrapper.framework; includeInIndex = 0; path = Pods_HGPhotoKitTests.framework; sourceTree = BUILT_PRODUCTS_DIR; };
		EFBF481EB8F2EE8D9C7E78A5 /* Pods_HGPhotoKit.framework */ = {isa = PBXFileReference; explicitFileType = wrapper.framework; includeInIndex = 0; path = Pods_HGPhotoKit.framework; sourceTree = BUILT_PRODUCTS_DIR; };
/* End PBXFileReference section */

/* Begin PBXFrameworksBuildPhase section */
		2E65AF5322BA57D800D34313 /* Frameworks */ = {
			isa = PBXFrameworksBuildPhase;
			buildActionMask = 2147483647;
			files = (
				FB2975D9F280DF0F55B68E18 /* Pods_HGPhotoKit.framework in Frameworks */,
			);
			runOnlyForDeploymentPostprocessing = 0;
		};
		2E65AF6B22BA57D900D34313 /* Frameworks */ = {
			isa = PBXFrameworksBuildPhase;
			buildActionMask = 2147483647;
			files = (
				176FBCAF200C11F816A79055 /* Pods_HGPhotoKitTests.framework in Frameworks */,
			);
			runOnlyForDeploymentPostprocessing = 0;
		};
		2E65AF7622BA57D900D34313 /* Frameworks */ = {
			isa = PBXFrameworksBuildPhase;
			buildActionMask = 2147483647;
			files = (
				1C846782943078AFDDA2AF46 /* Pods_HGPhotoKitUITests.framework in Frameworks */,
			);
			runOnlyForDeploymentPostprocessing = 0;
		};
/* End PBXFrameworksBuildPhase section */

/* Begin PBXGroup section */
		2E65AF4D22BA57D800D34313 = {
			isa = PBXGroup;
			children = (
				2E65AF5822BA57D800D34313 /* HGPhotoKit */,
				2E65AF7122BA57D900D34313 /* HGPhotoKitTests */,
				2E65AF7C22BA57D900D34313 /* HGPhotoKitUITests */,
				2E65AF5722BA57D800D34313 /* Products */,
				654CFF40E990AF1EC27FFB99 /* Pods */,
				E3685B203D8B8175B2D1C0DD /* Frameworks */,
			);
			sourceTree = "<group>";
		};
		2E65AF5722BA57D800D34313 /* Products */ = {
			isa = PBXGroup;
			children = (
				2E65AF5622BA57D800D34313 /* HGPhotoKit.app */,
				2E65AF6E22BA57D900D34313 /* HGPhotoKitTests.xctest */,
				2E65AF7922BA57D900D34313 /* HGPhotoKitUITests.xctest */,
			);
			name = Products;
			sourceTree = "<group>";
		};
		2E65AF5822BA57D800D34313 /* HGPhotoKit */ = {
			isa = PBXGroup;
			children = (
				2E65AF5922BA57D800D34313 /* AppDelegate.h */,
				2E65AF5A22BA57D800D34313 /* AppDelegate.m */,
				2E65AF5C22BA57D800D34313 /* ViewController.h */,
				2E65AF5D22BA57D800D34313 /* ViewController.m */,
				2E65AFC922BA5E3200D34313 /* Classes */,
				2E65AF5F22BA57D800D34313 /* Main.storyboard */,
				2E65AF6422BA57D900D34313 /* LaunchScreen.storyboard */,
				2E65AF6722BA57D900D34313 /* Info.plist */,
				2E65AF6822BA57D900D34313 /* main.m */,
			);
			path = HGPhotoKit;
			sourceTree = "<group>";
		};
		2E65AF7122BA57D900D34313 /* HGPhotoKitTests */ = {
			isa = PBXGroup;
			children = (
				2E65AF7222BA57D900D34313 /* HGPhotoKitTests.m */,
				2E65AF7422BA57D900D34313 /* Info.plist */,
			);
			path = HGPhotoKitTests;
			sourceTree = "<group>";
		};
		2E65AF7C22BA57D900D34313 /* HGPhotoKitUITests */ = {
			isa = PBXGroup;
			children = (
				2E65AF7D22BA57D900D34313 /* HGPhotoKitUITests.m */,
				2E65AF7F22BA57D900D34313 /* Info.plist */,
			);
			path = HGPhotoKitUITests;
			sourceTree = "<group>";
		};
		2E65AFC922BA5E3200D34313 /* Classes */ = {
			isa = PBXGroup;
			children = (
				2E65B00C22BA758300D34313 /* Resource */,
				2E65AFCB22BA5E3200D34313 /* UIViewController+Image.h */,
				2E65AFCA22BA5E3200D34313 /* UIViewController+Image.m */,
				2E65AFE822BA5E4800D34313 /* HGAssetCell.h */,
				2E65AFEB22BA5E4800D34313 /* HGAssetCell.m */,
				2E65AFDA22BA5E4700D34313 /* HGAssetModel.h */,
				2E65AFD622BA5E4700D34313 /* HGAssetModel.m */,
				2E65AFDC22BA5E4700D34313 /* HGGifPhotoPreviewController.h */,
				2E65AFE522BA5E4800D34313 /* HGGifPhotoPreviewController.m */,
				2E65AFDB22BA5E4700D34313 /* HGImageCropManager.h */,
				2E65AFDD22BA5E4700D34313 /* HGImageCropManager.m */,
				2E65AFD922BA5E4700D34313 /* HGImageManager.h */,
				2E65AFD122BA5E4700D34313 /* HGImageManager.m */,
				2E65AFCF22BA5E4700D34313 /* HGImagePickerController.h */,
				2E65AFE022BA5E4800D34313 /* HGImagePickerController.m */,
				2E65AFD022BA5E4700D34313 /* HGImageRequestOperation.h */,
				2E65AFE222BA5E4800D34313 /* HGImageRequestOperation.m */,
				2E65AFD522BA5E4700D34313 /* HGLocationManager.h */,
				2E65AFCD22BA5E4600D34313 /* HGLocationManager.m */,
				2E65AFD722BA5E4700D34313 /* HGPhotoPickerController.h */,
				2E65AFD422BA5E4700D34313 /* HGPhotoPickerController.m */,
				2E65AFCE22BA5E4600D34313 /* HGPhotoPreviewCell.h */,
				2E65AFE622BA5E4800D34313 /* HGPhotoPreviewCell.m */,
				2E65AFDE22BA5E4800D34313 /* HGPhotoPreviewController.h */,
				2E65AFE322BA5E4800D34313 /* HGPhotoPreviewController.m */,
				2E65AFE122BA5E4800D34313 /* HGProgressView.h */,
				2E65AFEA22BA5E4800D34313 /* HGProgressView.m */,
				2E65AFD822BA5E4700D34313 /* HGVideoPlayerController.h */,
				2E65AFDF22BA5E4800D34313 /* HGVideoPlayerController.m */,
				2E65AFE722BA5E4800D34313 /* NSBundle+HGImagePicker.h */,
				2E65AFE422BA5E4800D34313 /* NSBundle+HGImagePicker.m */,
				2E65AFD222BA5E4700D34313 /* UIView+Layout.h */,
				2E65AFE922BA5E4800D34313 /* UIView+Layout.m */,
			);
			path = Classes;
			sourceTree = "<group>";
		};
		2E65B00C22BA758300D34313 /* Resource */ = {
			isa = PBXGroup;
			children = (
				2E65B00222BA742900D34313 /* Localizable.strings */,
				2E65AF6222BA57D900D34313 /* Assets.xcassets */,
			);
			path = Resource;
			sourceTree = "<group>";
		};
		654CFF40E990AF1EC27FFB99 /* Pods */ = {
			isa = PBXGroup;
			children = (
				9376BDF7DC21792AFC0883A9 /* Pods-HGPhotoKit.debug.xcconfig */,
				5C6CE22840884832CA1754CD /* Pods-HGPhotoKit.release.xcconfig */,
				A644CA1D74C7B5AAA0A7E916 /* Pods-HGPhotoKitTests.debug.xcconfig */,
				97A3AA996B89C9019C21F7BD /* Pods-HGPhotoKitTests.release.xcconfig */,
				DDA16FA95D09B02F65484F65 /* Pods-HGPhotoKitUITests.debug.xcconfig */,
				282C20B4FE33303CAE3627B8 /* Pods-HGPhotoKitUITests.release.xcconfig */,
			);
			path = Pods;
			sourceTree = "<group>";
		};
		E3685B203D8B8175B2D1C0DD /* Frameworks */ = {
			isa = PBXGroup;
			children = (
				EFBF481EB8F2EE8D9C7E78A5 /* Pods_HGPhotoKit.framework */,
				E9D28CBC452D06F63A406525 /* Pods_HGPhotoKitTests.framework */,
				246E151D0A47B45BA3FE2CD5 /* Pods_HGPhotoKitUITests.framework */,
			);
			name = Frameworks;
			sourceTree = "<group>";
		};
/* End PBXGroup section */

/* Begin PBXNativeTarget section */
		2E65AF5522BA57D800D34313 /* HGPhotoKit */ = {
			isa = PBXNativeTarget;
			buildConfigurationList = 2E65AF8222BA57D900D34313 /* Build configuration list for PBXNativeTarget "HGPhotoKit" */;
			buildPhases = (
				160A15D13AF9194BCCB537D2 /* [CP] Check Pods Manifest.lock */,
				2E65AF5222BA57D800D34313 /* Sources */,
				2E65AF5322BA57D800D34313 /* Frameworks */,
				2E65AF5422BA57D800D34313 /* Resources */,
				470D1288BAB650BB0E6DA3E2 /* [CP] Embed Pods Frameworks */,
			);
			buildRules = (
			);
			dependencies = (
			);
			name = HGPhotoKit;
			productName = HGPhotoKit;
			productReference = 2E65AF5622BA57D800D34313 /* HGPhotoKit.app */;
			productType = "com.apple.product-type.application";
		};
		2E65AF6D22BA57D900D34313 /* HGPhotoKitTests */ = {
			isa = PBXNativeTarget;
			buildConfigurationList = 2E65AF8522BA57D900D34313 /* Build configuration list for PBXNativeTarget "HGPhotoKitTests" */;
			buildPhases = (
				FFE8CF26FD90859944384C95 /* [CP] Check Pods Manifest.lock */,
				2E65AF6A22BA57D900D34313 /* Sources */,
				2E65AF6B22BA57D900D34313 /* Frameworks */,
				2E65AF6C22BA57D900D34313 /* Resources */,
			);
			buildRules = (
			);
			dependencies = (
				2E65AF7022BA57D900D34313 /* PBXTargetDependency */,
			);
			name = HGPhotoKitTests;
			productName = HGPhotoKitTests;
			productReference = 2E65AF6E22BA57D900D34313 /* HGPhotoKitTests.xctest */;
			productType = "com.apple.product-type.bundle.unit-test";
		};
		2E65AF7822BA57D900D34313 /* HGPhotoKitUITests */ = {
			isa = PBXNativeTarget;
			buildConfigurationList = 2E65AF8822BA57D900D34313 /* Build configuration list for PBXNativeTarget "HGPhotoKitUITests" */;
			buildPhases = (
				F36BFC51DC48AEB76C776D44 /* [CP] Check Pods Manifest.lock */,
				2E65AF7522BA57D900D34313 /* Sources */,
				2E65AF7622BA57D900D34313 /* Frameworks */,
				2E65AF7722BA57D900D34313 /* Resources */,
			);
			buildRules = (
			);
			dependencies = (
				2E65AF7B22BA57D900D34313 /* PBXTargetDependency */,
			);
			name = HGPhotoKitUITests;
			productName = HGPhotoKitUITests;
			productReference = 2E65AF7922BA57D900D34313 /* HGPhotoKitUITests.xctest */;
			productType = "com.apple.product-type.bundle.ui-testing";
		};
/* End PBXNativeTarget section */

/* Begin PBXProject section */
		2E65AF4E22BA57D800D34313 /* Project object */ = {
			isa = PBXProject;
			attributes = {
				CLASSPREFIX = HG;
				LastUpgradeCheck = 1010;
				ORGANIZATIONNAME = "彭伟军";
				TargetAttributes = {
					2E65AF5522BA57D800D34313 = {
						CreatedOnToolsVersion = 10.1;
					};
					2E65AF6D22BA57D900D34313 = {
						CreatedOnToolsVersion = 10.1;
						TestTargetID = 2E65AF5522BA57D800D34313;
					};
					2E65AF7822BA57D900D34313 = {
						CreatedOnToolsVersion = 10.1;
						TestTargetID = 2E65AF5522BA57D800D34313;
					};
				};
			};
			buildConfigurationList = 2E65AF5122BA57D800D34313 /* Build configuration list for PBXProject "HGPhotoKit" */;
			compatibilityVersion = "Xcode 9.3";
			developmentRegion = en;
			hasScannedForEncodings = 0;
			knownRegions = (
				en,
				Base,
				vi,
				"zh-Hans",
				"zh-Hant",
			);
			mainGroup = 2E65AF4D22BA57D800D34313;
			productRefGroup = 2E65AF5722BA57D800D34313 /* Products */;
			projectDirPath = "";
			projectRoot = "";
			targets = (
				2E65AF5522BA57D800D34313 /* HGPhotoKit */,
				2E65AF6D22BA57D900D34313 /* HGPhotoKitTests */,
				2E65AF7822BA57D900D34313 /* HGPhotoKitUITests */,
			);
		};
/* End PBXProject section */

/* Begin PBXResourcesBuildPhase section */
		2E65AF5422BA57D800D34313 /* Resources */ = {
			isa = PBXResourcesBuildPhase;
			buildActionMask = 2147483647;
			files = (
				2E65B00022BA742900D34313 /* Localizable.strings in Resources */,
				2E65AF6622BA57D900D34313 /* LaunchScreen.storyboard in Resources */,
				2E65AF6322BA57D900D34313 /* Assets.xcassets in Resources */,
				2E65AF6122BA57D800D34313 /* Main.storyboard in Resources */,
			);
			runOnlyForDeploymentPostprocessing = 0;
		};
		2E65AF6C22BA57D900D34313 /* Resources */ = {
			isa = PBXResourcesBuildPhase;
			buildActionMask = 2147483647;
			files = (
			);
			runOnlyForDeploymentPostprocessing = 0;
		};
		2E65AF7722BA57D900D34313 /* Resources */ = {
			isa = PBXResourcesBuildPhase;
			buildActionMask = 2147483647;
			files = (
			);
			runOnlyForDeploymentPostprocessing = 0;
		};
/* End PBXResourcesBuildPhase section */

/* Begin PBXShellScriptBuildPhase section */
		160A15D13AF9194BCCB537D2 /* [CP] Check Pods Manifest.lock */ = {
			isa = PBXShellScriptBuildPhase;
			buildActionMask = 2147483647;
			files = (
			);
			inputFileListPaths = (
			);
			inputPaths = (
				"${PODS_PODFILE_DIR_PATH}/Podfile.lock",
				"${PODS_ROOT}/Manifest.lock",
			);
			name = "[CP] Check Pods Manifest.lock";
			outputFileListPaths = (
			);
			outputPaths = (
				"$(DERIVED_FILE_DIR)/Pods-HGPhotoKit-checkManifestLockResult.txt",
			);
			runOnlyForDeploymentPostprocessing = 0;
			shellPath = /bin/sh;
			shellScript = "diff \"${PODS_PODFILE_DIR_PATH}/Podfile.lock\" \"${PODS_ROOT}/Manifest.lock\" > /dev/null\nif [ $? != 0 ] ; then\n    # print error to STDERR\n    echo \"error: The sandbox is not in sync with the Podfile.lock. Run 'pod install' or update your CocoaPods installation.\" >&2\n    exit 1\nfi\n# This output is used by Xcode 'outputs' to avoid re-running this script phase.\necho \"SUCCESS\" > \"${SCRIPT_OUTPUT_FILE_0}\"\n";
			showEnvVarsInLog = 0;
		};
		470D1288BAB650BB0E6DA3E2 /* [CP] Embed Pods Frameworks */ = {
			isa = PBXShellScriptBuildPhase;
			buildActionMask = 2147483647;
			files = (
			);
			inputFileListPaths = (
				"${PODS_ROOT}/Target Support Files/Pods-HGPhotoKit/Pods-HGPhotoKit-frameworks-${CONFIGURATION}-input-files.xcfilelist",
			);
			name = "[CP] Embed Pods Frameworks";
			outputFileListPaths = (
				"${PODS_ROOT}/Target Support Files/Pods-HGPhotoKit/Pods-HGPhotoKit-frameworks-${CONFIGURATION}-output-files.xcfilelist",
			);
			runOnlyForDeploymentPostprocessing = 0;
			shellPath = /bin/sh;
			shellScript = "\"${PODS_ROOT}/Target Support Files/Pods-HGPhotoKit/Pods-HGPhotoKit-frameworks.sh\"\n";
			showEnvVarsInLog = 0;
		};
		F36BFC51DC48AEB76C776D44 /* [CP] Check Pods Manifest.lock */ = {
			isa = PBXShellScriptBuildPhase;
			buildActionMask = 2147483647;
			files = (
			);
			inputFileListPaths = (
			);
			inputPaths = (
				"${PODS_PODFILE_DIR_PATH}/Podfile.lock",
				"${PODS_ROOT}/Manifest.lock",
			);
			name = "[CP] Check Pods Manifest.lock";
			outputFileListPaths = (
			);
			outputPaths = (
				"$(DERIVED_FILE_DIR)/Pods-HGPhotoKitUITests-checkManifestLockResult.txt",
			);
			runOnlyForDeploymentPostprocessing = 0;
			shellPath = /bin/sh;
			shellScript = "diff \"${PODS_PODFILE_DIR_PATH}/Podfile.lock\" \"${PODS_ROOT}/Manifest.lock\" > /dev/null\nif [ $? != 0 ] ; then\n    # print error to STDERR\n    echo \"error: The sandbox is not in sync with the Podfile.lock. Run 'pod install' or update your CocoaPods installation.\" >&2\n    exit 1\nfi\n# This output is used by Xcode 'outputs' to avoid re-running this script phase.\necho \"SUCCESS\" > \"${SCRIPT_OUTPUT_FILE_0}\"\n";
			showEnvVarsInLog = 0;
		};
		FFE8CF26FD90859944384C95 /* [CP] Check Pods Manifest.lock */ = {
			isa = PBXShellScriptBuildPhase;
			buildActionMask = 2147483647;
			files = (
			);
			inputFileListPaths = (
			);
			inputPaths = (
				"${PODS_PODFILE_DIR_PATH}/Podfile.lock",
				"${PODS_ROOT}/Manifest.lock",
			);
			name = "[CP] Check Pods Manifest.lock";
			outputFileListPaths = (
			);
			outputPaths = (
				"$(DERIVED_FILE_DIR)/Pods-HGPhotoKitTests-checkManifestLockResult.txt",
			);
			runOnlyForDeploymentPostprocessing = 0;
			shellPath = /bin/sh;
			shellScript = "diff \"${PODS_PODFILE_DIR_PATH}/Podfile.lock\" \"${PODS_ROOT}/Manifest.lock\" > /dev/null\nif [ $? != 0 ] ; then\n    # print error to STDERR\n    echo \"error: The sandbox is not in sync with the Podfile.lock. Run 'pod install' or update your CocoaPods installation.\" >&2\n    exit 1\nfi\n# This output is used by Xcode 'outputs' to avoid re-running this script phase.\necho \"SUCCESS\" > \"${SCRIPT_OUTPUT_FILE_0}\"\n";
			showEnvVarsInLog = 0;
		};
/* End PBXShellScriptBuildPhase section */

/* Begin PBXSourcesBuildPhase section */
		2E65AF5222BA57D800D34313 /* Sources */ = {
			isa = PBXSourcesBuildPhase;
			buildActionMask = 2147483647;
			files = (
				2E65AFF522BA5E4900D34313 /* HGPhotoPreviewController.m in Sources */,
				2E65AFED22BA5E4900D34313 /* HGImageManager.m in Sources */,
				2E65AFF322BA5E4900D34313 /* HGImagePickerController.m in Sources */,
				2E65AFF022BA5E4900D34313 /* HGAssetModel.m in Sources */,
				2E65AF5E22BA57D800D34313 /* ViewController.m in Sources */,
				2E65AFF222BA5E4900D34313 /* HGVideoPlayerController.m in Sources */,
				2E65AFEC22BA5E4900D34313 /* HGLocationManager.m in Sources */,
				2E65AFF622BA5E4900D34313 /* NSBundle+HGImagePicker.m in Sources */,
				2E65AFF922BA5E4900D34313 /* UIView+Layout.m in Sources */,
				2E65AFF122BA5E4900D34313 /* HGImageCropManager.m in Sources */,
				2E65AF6922BA57D900D34313 /* main.m in Sources */,
				2E65AFF822BA5E4900D34313 /* HGPhotoPreviewCell.m in Sources */,
				2E65AFFA22BA5E4900D34313 /* HGProgressView.m in Sources */,
				2E65AFF422BA5E4900D34313 /* HGImageRequestOperation.m in Sources */,
				2E65AFCC22BA5E3200D34313 /* UIViewController+Image.m in Sources */,
				2E65AFEF22BA5E4900D34313 /* HGPhotoPickerController.m in Sources */,
				2E65AF5B22BA57D800D34313 /* AppDelegate.m in Sources */,
				2E65AFFB22BA5E4900D34313 /* HGAssetCell.m in Sources */,
				2E65AFF722BA5E4900D34313 /* HGGifPhotoPreviewController.m in Sources */,
			);
			runOnlyForDeploymentPostprocessing = 0;
		};
		2E65AF6A22BA57D900D34313 /* Sources */ = {
			isa = PBXSourcesBuildPhase;
			buildActionMask = 2147483647;
			files = (
				2E65AF7322BA57D900D34313 /* HGPhotoKitTests.m in Sources */,
			);
			runOnlyForDeploymentPostprocessing = 0;
		};
		2E65AF7522BA57D900D34313 /* Sources */ = {
			isa = PBXSourcesBuildPhase;
			buildActionMask = 2147483647;
			files = (
				2E65AF7E22BA57D900D34313 /* HGPhotoKitUITests.m in Sources */,
			);
			runOnlyForDeploymentPostprocessing = 0;
		};
/* End PBXSourcesBuildPhase section */

/* Begin PBXTargetDependency section */
		2E65AF7022BA57D900D34313 /* PBXTargetDependency */ = {
			isa = PBXTargetDependency;
			target = 2E65AF5522BA57D800D34313 /* HGPhotoKit */;
			targetProxy = 2E65AF6F22BA57D900D34313 /* PBXContainerItemProxy */;
		};
		2E65AF7B22BA57D900D34313 /* PBXTargetDependency */ = {
			isa = PBXTargetDependency;
			target = 2E65AF5522BA57D800D34313 /* HGPhotoKit */;
			targetProxy = 2E65AF7A22BA57D900D34313 /* PBXContainerItemProxy */;
		};
/* End PBXTargetDependency section */

/* Begin PBXVariantGroup section */
		2E65AF5F22BA57D800D34313 /* Main.storyboard */ = {
			isa = PBXVariantGroup;
			children = (
				2E65AF6022BA57D800D34313 /* Base */,
				2E65B00322BA748500D34313 /* vi */,
				2E65B00622BA74A100D34313 /* zh-Hans */,
				2E65B00922BA74A800D34313 /* zh-Hant */,
			);
			name = Main.storyboard;
			sourceTree = "<group>";
		};
		2E65AF6422BA57D900D34313 /* LaunchScreen.storyboard */ = {
			isa = PBXVariantGroup;
			children = (
				2E65AF6522BA57D900D34313 /* Base */,
				2E65B00422BA748500D34313 /* vi */,
				2E65B00722BA74A200D34313 /* zh-Hans */,
				2E65B00A22BA74A800D34313 /* zh-Hant */,
			);
			name = LaunchScreen.storyboard;
			sourceTree = "<group>";
		};
		2E65B00222BA742900D34313 /* Localizable.strings */ = {
			isa = PBXVariantGroup;
			children = (
				2E65B00122BA742900D34313 /* en */,
				2E65B00522BA748500D34313 /* vi */,
				2E65B00822BA74A200D34313 /* zh-Hans */,
				2E65B00B22BA74A800D34313 /* zh-Hant */,
			);
			name = Localizable.strings;
			sourceTree = "<group>";
		};
/* End PBXVariantGroup section */

/* Begin XCBuildConfiguration section */
		2E65AF8022BA57D900D34313 /* Debug */ = {
			isa = XCBuildConfiguration;
			buildSettings = {
				ALWAYS_SEARCH_USER_PATHS = NO;
				CLANG_ANALYZER_LOCALIZABILITY_NONLOCALIZED = YES;
				CLANG_ANALYZER_NONNULL = YES;
				CLANG_ANALYZER_NUMBER_OBJECT_CONVERSION = YES_AGGRESSIVE;
				CLANG_CXX_LANGUAGE_STANDARD = "gnu++14";
				CLANG_CXX_LIBRARY = "libc++";
				CLANG_ENABLE_MODULES = YES;
				CLANG_ENABLE_OBJC_ARC = YES;
				CLANG_ENABLE_OBJC_WEAK = YES;
				CLANG_WARN_BLOCK_CAPTURE_AUTORELEASING = YES;
				CLANG_WARN_BOOL_CONVERSION = YES;
				CLANG_WARN_COMMA = YES;
				CLANG_WARN_CONSTANT_CONVERSION = YES;
				CLANG_WARN_DEPRECATED_OBJC_IMPLEMENTATIONS = YES;
				CLANG_WARN_DIRECT_OBJC_ISA_USAGE = YES_ERROR;
				CLANG_WARN_DOCUMENTATION_COMMENTS = YES;
				CLANG_WARN_EMPTY_BODY = YES;
				CLANG_WARN_ENUM_CONVERSION = YES;
				CLANG_WARN_INFINITE_RECURSION = YES;
				CLANG_WARN_INT_CONVERSION = YES;
				CLANG_WARN_NON_LITERAL_NULL_CONVERSION = YES;
				CLANG_WARN_OBJC_IMPLICIT_RETAIN_SELF = YES;
				CLANG_WARN_OBJC_LITERAL_CONVERSION = YES;
				CLANG_WARN_OBJC_ROOT_CLASS = YES_ERROR;
				CLANG_WARN_RANGE_LOOP_ANALYSIS = YES;
				CLANG_WARN_STRICT_PROTOTYPES = YES;
				CLANG_WARN_SUSPICIOUS_MOVE = YES;
				CLANG_WARN_UNGUARDED_AVAILABILITY = YES_AGGRESSIVE;
				CLANG_WARN_UNREACHABLE_CODE = YES;
				CLANG_WARN__DUPLICATE_METHOD_MATCH = YES;
				CODE_SIGN_IDENTITY = "iPhone Developer";
				COPY_PHASE_STRIP = NO;
				DEBUG_INFORMATION_FORMAT = dwarf;
				ENABLE_STRICT_OBJC_MSGSEND = YES;
				ENABLE_TESTABILITY = YES;
				GCC_C_LANGUAGE_STANDARD = gnu11;
				GCC_DYNAMIC_NO_PIC = NO;
				GCC_NO_COMMON_BLOCKS = YES;
				GCC_OPTIMIZATION_LEVEL = 0;
				GCC_PREPROCESSOR_DEFINITIONS = (
					"DEBUG=1",
					"$(inherited)",
				);
				GCC_WARN_64_TO_32_BIT_CONVERSION = YES;
				GCC_WARN_ABOUT_RETURN_TYPE = YES_ERROR;
				GCC_WARN_UNDECLARED_SELECTOR = YES;
				GCC_WARN_UNINITIALIZED_AUTOS = YES_AGGRESSIVE;
				GCC_WARN_UNUSED_FUNCTION = YES;
				GCC_WARN_UNUSED_VARIABLE = YES;
				IPHONEOS_DEPLOYMENT_TARGET = 12.1;
				MTL_ENABLE_DEBUG_INFO = INCLUDE_SOURCE;
				MTL_FAST_MATH = YES;
				ONLY_ACTIVE_ARCH = YES;
				SDKROOT = iphoneos;
			};
			name = Debug;
		};
		2E65AF8122BA57D900D34313 /* Release */ = {
			isa = XCBuildConfiguration;
			buildSettings = {
				ALWAYS_SEARCH_USER_PATHS = NO;
				CLANG_ANALYZER_LOCALIZABILITY_NONLOCALIZED = YES;
				CLANG_ANALYZER_NONNULL = YES;
				CLANG_ANALYZER_NUMBER_OBJECT_CONVERSION = YES_AGGRESSIVE;
				CLANG_CXX_LANGUAGE_STANDARD = "gnu++14";
				CLANG_CXX_LIBRARY = "libc++";
				CLANG_ENABLE_MODULES = YES;
				CLANG_ENABLE_OBJC_ARC = YES;
				CLANG_ENABLE_OBJC_WEAK = YES;
				CLANG_WARN_BLOCK_CAPTURE_AUTORELEASING = YES;
				CLANG_WARN_BOOL_CONVERSION = YES;
				CLANG_WARN_COMMA = YES;
				CLANG_WARN_CONSTANT_CONVERSION = YES;
				CLANG_WARN_DEPRECATED_OBJC_IMPLEMENTATIONS = YES;
				CLANG_WARN_DIRECT_OBJC_ISA_USAGE = YES_ERROR;
				CLANG_WARN_DOCUMENTATION_COMMENTS = YES;
				CLANG_WARN_EMPTY_BODY = YES;
				CLANG_WARN_ENUM_CONVERSION = YES;
				CLANG_WARN_INFINITE_RECURSION = YES;
				CLANG_WARN_INT_CONVERSION = YES;
				CLANG_WARN_NON_LITERAL_NULL_CONVERSION = YES;
				CLANG_WARN_OBJC_IMPLICIT_RETAIN_SELF = YES;
				CLANG_WARN_OBJC_LITERAL_CONVERSION = YES;
				CLANG_WARN_OBJC_ROOT_CLASS = YES_ERROR;
				CLANG_WARN_RANGE_LOOP_ANALYSIS = YES;
				CLANG_WARN_STRICT_PROTOTYPES = YES;
				CLANG_WARN_SUSPICIOUS_MOVE = YES;
				CLANG_WARN_UNGUARDED_AVAILABILITY = YES_AGGRESSIVE;
				CLANG_WARN_UNREACHABLE_CODE = YES;
				CLANG_WARN__DUPLICATE_METHOD_MATCH = YES;
				CODE_SIGN_IDENTITY = "iPhone Developer";
				COPY_PHASE_STRIP = NO;
				DEBUG_INFORMATION_FORMAT = "dwarf-with-dsym";
				ENABLE_NS_ASSERTIONS = NO;
				ENABLE_STRICT_OBJC_MSGSEND = YES;
				GCC_C_LANGUAGE_STANDARD = gnu11;
				GCC_NO_COMMON_BLOCKS = YES;
				GCC_WARN_64_TO_32_BIT_CONVERSION = YES;
				GCC_WARN_ABOUT_RETURN_TYPE = YES_ERROR;
				GCC_WARN_UNDECLARED_SELECTOR = YES;
				GCC_WARN_UNINITIALIZED_AUTOS = YES_AGGRESSIVE;
				GCC_WARN_UNUSED_FUNCTION = YES;
				GCC_WARN_UNUSED_VARIABLE = YES;
				IPHONEOS_DEPLOYMENT_TARGET = 12.1;
				MTL_ENABLE_DEBUG_INFO = NO;
				MTL_FAST_MATH = YES;
				SDKROOT = iphoneos;
				VALIDATE_PRODUCT = YES;
			};
			name = Release;
		};
		2E65AF8322BA57D900D34313 /* Debug */ = {
			isa = XCBuildConfiguration;
			baseConfigurationReference = 9376BDF7DC21792AFC0883A9 /* Pods-HGPhotoKit.debug.xcconfig */;
			buildSettings = {
				ASSETCATALOG_COMPILER_APPICON_NAME = AppIcon;
				CODE_SIGN_STYLE = Automatic;
				DEVELOPMENT_TEAM = NC23GKVB2Q;
				INFOPLIST_FILE = HGPhotoKit/Info.plist;
				LD_RUNPATH_SEARCH_PATHS = (
					"$(inherited)",
					"@executable_path/Frameworks",
				);
				PRODUCT_BUNDLE_IDENTIFIER = YY.HGPhotoKit;
				PRODUCT_NAME = "$(TARGET_NAME)";
				TARGETED_DEVICE_FAMILY = "1,2";
			};
			name = Debug;
		};
		2E65AF8422BA57D900D34313 /* Release */ = {
			isa = XCBuildConfiguration;
			baseConfigurationReference = 5C6CE22840884832CA1754CD /* Pods-HGPhotoKit.release.xcconfig */;
			buildSettings = {
				ASSETCATALOG_COMPILER_APPICON_NAME = AppIcon;
				CODE_SIGN_STYLE = Automatic;
				DEVELOPMENT_TEAM = NC23GKVB2Q;
				INFOPLIST_FILE = HGPhotoKit/Info.plist;
				LD_RUNPATH_SEARCH_PATHS = (
					"$(inherited)",
					"@executable_path/Frameworks",
				);
				PRODUCT_BUNDLE_IDENTIFIER = YY.HGPhotoKit;
				PRODUCT_NAME = "$(TARGET_NAME)";
				TARGETED_DEVICE_FAMILY = "1,2";
			};
			name = Release;
		};
		2E65AF8622BA57D900D34313 /* Debug */ = {
			isa = XCBuildConfiguration;
			baseConfigurationReference = A644CA1D74C7B5AAA0A7E916 /* Pods-HGPhotoKitTests.debug.xcconfig */;
			buildSettings = {
				BUNDLE_LOADER = "$(TEST_HOST)";
				CODE_SIGN_STYLE = Automatic;
				DEVELOPMENT_TEAM = 25F3RKJN6L;
				INFOPLIST_FILE = HGPhotoKitTests/Info.plist;
				LD_RUNPATH_SEARCH_PATHS = (
					"$(inherited)",
					"@executable_path/Frameworks",
					"@loader_path/Frameworks",
				);
				PRODUCT_BUNDLE_IDENTIFIER = YY.HGPhotoKitTests;
				PRODUCT_NAME = "$(TARGET_NAME)";
				TARGETED_DEVICE_FAMILY = "1,2";
				TEST_HOST = "$(BUILT_PRODUCTS_DIR)/HGPhotoKit.app/HGPhotoKit";
			};
			name = Debug;
		};
		2E65AF8722BA57D900D34313 /* Release */ = {
			isa = XCBuildConfiguration;
			baseConfigurationReference = 97A3AA996B89C9019C21F7BD /* Pods-HGPhotoKitTests.release.xcconfig */;
			buildSettings = {
				BUNDLE_LOADER = "$(TEST_HOST)";
				CODE_SIGN_STYLE = Automatic;
				DEVELOPMENT_TEAM = 25F3RKJN6L;
				INFOPLIST_FILE = HGPhotoKitTests/Info.plist;
				LD_RUNPATH_SEARCH_PATHS = (
					"$(inherited)",
					"@executable_path/Frameworks",
					"@loader_path/Frameworks",
				);
				PRODUCT_BUNDLE_IDENTIFIER = YY.HGPhotoKitTests;
				PRODUCT_NAME = "$(TARGET_NAME)";
				TARGETED_DEVICE_FAMILY = "1,2";
				TEST_HOST = "$(BUILT_PRODUCTS_DIR)/HGPhotoKit.app/HGPhotoKit";
			};
			name = Release;
		};
		2E65AF8922BA57D900D34313 /* Debug */ = {
			isa = XCBuildConfiguration;
			baseConfigurationReference = DDA16FA95D09B02F65484F65 /* Pods-HGPhotoKitUITests.debug.xcconfig */;
			buildSettings = {
				CODE_SIGN_STYLE = Automatic;
				DEVELOPMENT_TEAM = 25F3RKJN6L;
				INFOPLIST_FILE = HGPhotoKitUITests/Info.plist;
				LD_RUNPATH_SEARCH_PATHS = (
					"$(inherited)",
					"@executable_path/Frameworks",
					"@loader_path/Frameworks",
				);
				PRODUCT_BUNDLE_IDENTIFIER = YY.HGPhotoKitUITests;
				PRODUCT_NAME = "$(TARGET_NAME)";
				TARGETED_DEVICE_FAMILY = "1,2";
				TEST_TARGET_NAME = HGPhotoKit;
			};
			name = Debug;
		};
		2E65AF8A22BA57D900D34313 /* Release */ = {
			isa = XCBuildConfiguration;
			baseConfigurationReference = 282C20B4FE33303CAE3627B8 /* Pods-HGPhotoKitUITests.release.xcconfig */;
			buildSettings = {
				CODE_SIGN_STYLE = Automatic;
				DEVELOPMENT_TEAM = 25F3RKJN6L;
				INFOPLIST_FILE = HGPhotoKitUITests/Info.plist;
				LD_RUNPATH_SEARCH_PATHS = (
					"$(inherited)",
					"@executable_path/Frameworks",
					"@loader_path/Frameworks",
				);
				PRODUCT_BUNDLE_IDENTIFIER = YY.HGPhotoKitUITests;
				PRODUCT_NAME = "$(TARGET_NAME)";
				TARGETED_DEVICE_FAMILY = "1,2";
				TEST_TARGET_NAME = HGPhotoKit;
			};
			name = Release;
		};
/* End XCBuildConfiguration section */

/* Begin XCConfigurationList section */
		2E65AF5122BA57D800D34313 /* Build configuration list for PBXProject "HGPhotoKit" */ = {
			isa = XCConfigurationList;
			buildConfigurations = (
				2E65AF8022BA57D900D34313 /* Debug */,
				2E65AF8122BA57D900D34313 /* Release */,
			);
			defaultConfigurationIsVisible = 0;
			defaultConfigurationName = Release;
		};
		2E65AF8222BA57D900D34313 /* Build configuration list for PBXNativeTarget "HGPhotoKit" */ = {
			isa = XCConfigurationList;
			buildConfigurations = (
				2E65AF8322BA57D900D34313 /* Debug */,
				2E65AF8422BA57D900D34313 /* Release */,
			);
			defaultConfigurationIsVisible = 0;
			defaultConfigurationName = Release;
		};
		2E65AF8522BA57D900D34313 /* Build configuration list for PBXNativeTarget "HGPhotoKitTests" */ = {
			isa = XCConfigurationList;
			buildConfigurations = (
				2E65AF8622BA57D900D34313 /* Debug */,
				2E65AF8722BA57D900D34313 /* Release */,
			);
			defaultConfigurationIsVisible = 0;
			defaultConfigurationName = Release;
		};
		2E65AF8822BA57D900D34313 /* Build configuration list for PBXNativeTarget "HGPhotoKitUITests" */ = {
			isa = XCConfigurationList;
			buildConfigurations = (
				2E65AF8922BA57D900D34313 /* Debug */,
				2E65AF8A22BA57D900D34313 /* Release */,
			);
			defaultConfigurationIsVisible = 0;
			defaultConfigurationName = Release;
		};
/* End XCConfigurationList section */
	};
	rootObject = 2E65AF4E22BA57D800D34313 /* Project object */;
}
